
Microsoft Visual Studio Solution File, Format Version 12.00
# Visual Studio 15
VisualStudioVersion = 15.0.27428.1
MinimumVisualStudioVersion = 10.0.40219.1
Project("{9A19103F-16F7-4668-BE54-9A1E7A4F7556}") = "Pz1", "Pz1\Pz1.csproj", "{A60380EC-E4BC-4E77-A950-AFD56FC40E07}"
EndProject
Project("{9A19103F-16F7-4668-BE54-9A1E7A4F7556}") = "VernamEncryption", "VernamEncryption\VernamEncryption.csproj", "{95013381-4FDE-48C3-8B71-C638D717BB72}"
EndProject
Project("{9A19103F-16F7-4668-BE54-9A1E7A4F7556}") = "Lab1", "Lab1\Lab1.csproj", "{FC36D00E-A076-4B20-B9A0-09F093DED297}"
	ProjectSection(ProjectDependencies) = postProject
		{3C04D161-C592-4877-8FAA-DEFF513BDE71} = {3C04D161-C592-4877-8FAA-DEFF513BDE71}
	EndProjectSection
EndProject
Project("{9A19103F-16F7-4668-BE54-9A1E7A4F7556}") = "DES", "DES\DES.csproj", "{3C04D161-C592-4877-8FAA-DEFF513BDE71}"
EndProject
Project("{9A19103F-16F7-4668-BE54-9A1E7A4F7556}") = "RSA", "RSA\RSA.csproj", "{26958EEF-2D19-4ADC-A00A-DD7D65DF38DD}"
EndProject
Project("{FAE04EC0-301F-11D3-BF4B-00C04F79EFBC}") = "Server", "Server\Server.csproj", "{6D5B3B96-598C-4B17-8197-CE254761A94B}"
EndProject
Project("{9A19103F-16F7-4668-BE54-9A1E7A4F7556}") = "Client", "Client\Client.csproj", "{5B54DE66-6592-4E0C-AE21-7BC741C82EBB}"
EndProject
Project("{2150E333-8FDC-42A3-9474-1A3956D46DE8}") = "Solution Items", "Solution Items", "{A968EDFC-BDD3-42C8-886A-6A166987A662}"
	ProjectSection(SolutionItems) = preProject
		README.MD = README.MD
	EndProjectSection
EndProject
Global
	GlobalSection(SolutionConfigurationPlatforms) = preSolution
		Debug|Any CPU = Debug|Any CPU
		Release|Any CPU = Release|Any CPU
	EndGlobalSection
	GlobalSection(ProjectConfigurationPlatforms) = postSolution
		{A60380EC-E4BC-4E77-A950-AFD56FC40E07}.Debug|Any CPU.ActiveCfg = Debug|Any CPU
		{A60380EC-E4BC-4E77-A950-AFD56FC40E07}.Debug|Any CPU.Build.0 = Debug|Any CPU
		{A60380EC-E4BC-4E77-A950-AFD56FC40E07}.Release|Any CPU.ActiveCfg = Release|Any CPU
		{A60380EC-E4BC-4E77-A950-AFD56FC40E07}.Release|Any CPU.Build.0 = Release|Any CPU
		{95013381-4FDE-48C3-8B71-C638D717BB72}.Debug|Any CPU.ActiveCfg = Debug|Any CPU
		{95013381-4FDE-48C3-8B71-C638D717BB72}.Debug|Any CPU.Build.0 = Debug|Any CPU
		{95013381-4FDE-48C3-8B71-C638D717BB72}.Release|Any CPU.ActiveCfg = Release|Any CPU
		{95013381-4FDE-48C3-8B71-C638D717BB72}.Release|Any CPU.Build.0 = Release|Any CPU
		{FC36D00E-A076-4B20-B9A0-09F093DED297}.Debug|Any CPU.ActiveCfg = Debug|Any CPU
		{FC36D00E-A076-4B20-B9A0-09F093DED297}.Debug|Any CPU.Build.0 = Debug|Any CPU
		{FC36D00E-A076-4B20-B9A0-09F093DED297}.Release|Any CPU.ActiveCfg = Release|Any CPU
		{FC36D00E-A076-4B20-B9A0-09F093DED297}.Release|Any CPU.Build.0 = Release|Any CPU
		{3C04D161-C592-4877-8FAA-DEFF513BDE71}.Debug|Any CPU.ActiveCfg = Debug|Any CPU
		{3C04D161-C592-4877-8FAA-DEFF513BDE71}.Debug|Any CPU.Build.0 = Debug|Any CPU
		{3C04D161-C592-4877-8FAA-DEFF513BDE71}.Release|Any CPU.ActiveCfg = Release|Any CPU
		{3C04D161-C592-4877-8FAA-DEFF513BDE71}.Release|Any CPU.Build.0 = Release|Any CPU
	EndGlobalSection
	GlobalSection(SolutionProperties) = preSolution
		HideSolutionNode = FALSE
	EndGlobalSection
	GlobalSection(ExtensibilityGlobals) = postSolution
		SolutionGuid = {8BA01C8C-224D-4B38-8B93-D7418249A97B}
	EndGlobalSection
EndGlobal
